// !$*UTF8*$!
{
	archiveVersion = 1;
	classes = {
	};
	objectVersion = 50;
	objects = {

/* Begin PBXBuildFile section */
		6B16A14F241B2BCC008986E8 /* RoutineEditorViewController.swift in Sources */ = {isa = PBXBuildFile; fileRef = 6B16A14E241B2BCC008986E8 /* RoutineEditorViewController.swift */; };
		6B16A151241B4AA0008986E8 /* EditableExerciseCell.swift in Sources */ = {isa = PBXBuildFile; fileRef = 6B16A150241B4AA0008986E8 /* EditableExerciseCell.swift */; };
		6B16A153241B4AE1008986E8 /* DayEditorCollectionCell.swift in Sources */ = {isa = PBXBuildFile; fileRef = 6B16A152241B4AE1008986E8 /* DayEditorCollectionCell.swift */; };
		6B2009BF241745D40026CBC9 /* BorderButton.swift in Sources */ = {isa = PBXBuildFile; fileRef = 6B2009BE241745D40026CBC9 /* BorderButton.swift */; };
		6BB4F7AB24121440002862AA /* AppDelegate.swift in Sources */ = {isa = PBXBuildFile; fileRef = 6BB4F7AA24121440002862AA /* AppDelegate.swift */; };
		6BB4F7AD24121440002862AA /* SceneDelegate.swift in Sources */ = {isa = PBXBuildFile; fileRef = 6BB4F7AC24121440002862AA /* SceneDelegate.swift */; };
		6BB4F7AF24121440002862AA /* MainViewController.swift in Sources */ = {isa = PBXBuildFile; fileRef = 6BB4F7AE24121440002862AA /* MainViewController.swift */; };
		6BB4F7B224121440002862AA /* Main.storyboard in Resources */ = {isa = PBXBuildFile; fileRef = 6BB4F7B024121440002862AA /* Main.storyboard */; };
		6BB4F7B524121440002862AA /* workout_tracker.xcdatamodeld in Sources */ = {isa = PBXBuildFile; fileRef = 6BB4F7B324121440002862AA /* workout_tracker.xcdatamodeld */; };
		6BB4F7B724121441002862AA /* Assets.xcassets in Resources */ = {isa = PBXBuildFile; fileRef = 6BB4F7B624121441002862AA /* Assets.xcassets */; };
		6BB4F7BA24121441002862AA /* LaunchScreen.storyboard in Resources */ = {isa = PBXBuildFile; fileRef = 6BB4F7B824121441002862AA /* LaunchScreen.storyboard */; };
		6BB4F7C524122336002862AA /* RingNavigationItem.swift in Sources */ = {isa = PBXBuildFile; fileRef = 6BB4F7C424122336002862AA /* RingNavigationItem.swift */; };
		6BB4F7C724136DC4002862AA /* RoutineViewController.swift in Sources */ = {isa = PBXBuildFile; fileRef = 6BB4F7C624136DC4002862AA /* RoutineViewController.swift */; };
		6BB4F7C924136DD4002862AA /* ProfileViewController.swift in Sources */ = {isa = PBXBuildFile; fileRef = 6BB4F7C824136DD4002862AA /* ProfileViewController.swift */; };
		6BB4F7CB24136DEA002862AA /* ProfileCreatorViewController.swift in Sources */ = {isa = PBXBuildFile; fileRef = 6BB4F7CA24136DEA002862AA /* ProfileCreatorViewController.swift */; };
		6BB4F7CD24136EEB002862AA /* SettingsViewController.swift in Sources */ = {isa = PBXBuildFile; fileRef = 6BB4F7CC24136EEB002862AA /* SettingsViewController.swift */; };
		6BB4F7CF24137E39002862AA /* DailyRoutineViewController.swift in Sources */ = {isa = PBXBuildFile; fileRef = 6BB4F7CE24137E39002862AA /* DailyRoutineViewController.swift */; };
		6BB4F7D324138064002862AA /* ExcerciseCell.swift in Sources */ = {isa = PBXBuildFile; fileRef = 6BB4F7D224138064002862AA /* ExcerciseCell.swift */; };
		6BB4F7D624138394002862AA /* DataService.swift in Sources */ = {isa = PBXBuildFile; fileRef = 6BB4F7D524138394002862AA /* DataService.swift */; };
		6BB4F7D82414305F002862AA /* Exercise.swift in Sources */ = {isa = PBXBuildFile; fileRef = 6BB4F7D72414305F002862AA /* Exercise.swift */; };
		6BB4F7DA24146290002862AA /* Equipment.swift in Sources */ = {isa = PBXBuildFile; fileRef = 6BB4F7D924146290002862AA /* Equipment.swift */; };
		6BB4F7DC24146700002862AA /* Routine.swift in Sources */ = {isa = PBXBuildFile; fileRef = 6BB4F7DB24146700002862AA /* Routine.swift */; };
		6BB4F7DE241487DE002862AA /* User.swift in Sources */ = {isa = PBXBuildFile; fileRef = 6BB4F7DD241487DE002862AA /* User.swift */; };
		6BB4F7E02414B86E002862AA /* Workout.swift in Sources */ = {isa = PBXBuildFile; fileRef = 6BB4F7DF2414B86E002862AA /* Workout.swift */; };
		6BD7F321241DDE8400500D86 /* HealthKit.framework in Frameworks */ = {isa = PBXBuildFile; fileRef = 6BD7F320241DDE8400500D86 /* HealthKit.framework */; };
		6BD7F32324207DBA00500D86 /* PersistentContainer.swift in Sources */ = {isa = PBXBuildFile; fileRef = 6BD7F32224207DBA00500D86 /* PersistentContainer.swift */; };
		6BE067E02419FF4100003947 /* WorkoutLog.swift in Sources */ = {isa = PBXBuildFile; fileRef = 6BE067DF2419FF4100003947 /* WorkoutLog.swift */; };
/* End PBXBuildFile section */

/* Begin PBXFileReference section */
		6B16A14E241B2BCC008986E8 /* RoutineEditorViewController.swift */ = {isa = PBXFileReference; lastKnownFileType = sourcecode.swift; path = RoutineEditorViewController.swift; sourceTree = "<group>"; };
		6B16A150241B4AA0008986E8 /* EditableExerciseCell.swift */ = {isa = PBXFileReference; lastKnownFileType = sourcecode.swift; path = EditableExerciseCell.swift; sourceTree = "<group>"; };
		6B16A152241B4AE1008986E8 /* DayEditorCollectionCell.swift */ = {isa = PBXFileReference; lastKnownFileType = sourcecode.swift; path = DayEditorCollectionCell.swift; sourceTree = "<group>"; };
		6B2009BE241745D40026CBC9 /* BorderButton.swift */ = {isa = PBXFileReference; lastKnownFileType = sourcecode.swift; path = BorderButton.swift; sourceTree = "<group>"; };
		6BB4F7A724121440002862AA /* workout-tracker.app */ = {isa = PBXFileReference; explicitFileType = wrapper.application; includeInIndex = 0; path = "workout-tracker.app"; sourceTree = BUILT_PRODUCTS_DIR; };
		6BB4F7AA24121440002862AA /* AppDelegate.swift */ = {isa = PBXFileReference; lastKnownFileType = sourcecode.swift; path = AppDelegate.swift; sourceTree = "<group>"; };
		6BB4F7AC24121440002862AA /* SceneDelegate.swift */ = {isa = PBXFileReference; lastKnownFileType = sourcecode.swift; path = SceneDelegate.swift; sourceTree = "<group>"; };
		6BB4F7AE24121440002862AA /* MainViewController.swift */ = {isa = PBXFileReference; lastKnownFileType = sourcecode.swift; path = MainViewController.swift; sourceTree = "<group>"; };
		6BB4F7B124121440002862AA /* Base */ = {isa = PBXFileReference; lastKnownFileType = file.storyboard; name = Base; path = Base.lproj/Main.storyboard; sourceTree = "<group>"; };
		6BB4F7B424121440002862AA /* workout_tracker.xcdatamodel */ = {isa = PBXFileReference; lastKnownFileType = wrapper.xcdatamodel; path = workout_tracker.xcdatamodel; sourceTree = "<group>"; };
		6BB4F7B624121441002862AA /* Assets.xcassets */ = {isa = PBXFileReference; lastKnownFileType = folder.assetcatalog; path = Assets.xcassets; sourceTree = "<group>"; };
		6BB4F7B924121441002862AA /* Base */ = {isa = PBXFileReference; lastKnownFileType = file.storyboard; name = Base; path = Base.lproj/LaunchScreen.storyboard; sourceTree = "<group>"; };
		6BB4F7BB24121441002862AA /* Info.plist */ = {isa = PBXFileReference; lastKnownFileType = text.plist.xml; path = Info.plist; sourceTree = "<group>"; };
		6BB4F7C424122336002862AA /* RingNavigationItem.swift */ = {isa = PBXFileReference; lastKnownFileType = sourcecode.swift; path = RingNavigationItem.swift; sourceTree = "<group>"; };
		6BB4F7C624136DC4002862AA /* RoutineViewController.swift */ = {isa = PBXFileReference; lastKnownFileType = sourcecode.swift; path = RoutineViewController.swift; sourceTree = "<group>"; };
		6BB4F7C824136DD4002862AA /* ProfileViewController.swift */ = {isa = PBXFileReference; lastKnownFileType = sourcecode.swift; path = ProfileViewController.swift; sourceTree = "<group>"; };
		6BB4F7CA24136DEA002862AA /* ProfileCreatorViewController.swift */ = {isa = PBXFileReference; lastKnownFileType = sourcecode.swift; path = ProfileCreatorViewController.swift; sourceTree = "<group>"; };
		6BB4F7CC24136EEB002862AA /* SettingsViewController.swift */ = {isa = PBXFileReference; lastKnownFileType = sourcecode.swift; path = SettingsViewController.swift; sourceTree = "<group>"; };
		6BB4F7CE24137E39002862AA /* DailyRoutineViewController.swift */ = {isa = PBXFileReference; lastKnownFileType = sourcecode.swift; path = DailyRoutineViewController.swift; sourceTree = "<group>"; };
		6BB4F7D224138064002862AA /* ExcerciseCell.swift */ = {isa = PBXFileReference; lastKnownFileType = sourcecode.swift; path = ExcerciseCell.swift; sourceTree = "<group>"; };
		6BB4F7D524138394002862AA /* DataService.swift */ = {isa = PBXFileReference; lastKnownFileType = sourcecode.swift; path = DataService.swift; sourceTree = "<group>"; };
		6BB4F7D72414305F002862AA /* Exercise.swift */ = {isa = PBXFileReference; lastKnownFileType = sourcecode.swift; path = Exercise.swift; sourceTree = "<group>"; };
		6BB4F7D924146290002862AA /* Equipment.swift */ = {isa = PBXFileReference; lastKnownFileType = sourcecode.swift; path = Equipment.swift; sourceTree = "<group>"; };
		6BB4F7DB24146700002862AA /* Routine.swift */ = {isa = PBXFileReference; lastKnownFileType = sourcecode.swift; path = Routine.swift; sourceTree = "<group>"; };
		6BB4F7DD241487DE002862AA /* User.swift */ = {isa = PBXFileReference; lastKnownFileType = sourcecode.swift; path = User.swift; sourceTree = "<group>"; };
		6BB4F7DF2414B86E002862AA /* Workout.swift */ = {isa = PBXFileReference; lastKnownFileType = sourcecode.swift; path = Workout.swift; sourceTree = "<group>"; };
		6BD7F31E241DDE8400500D86 /* workout-tracker.entitlements */ = {isa = PBXFileReference; lastKnownFileType = text.plist.entitlements; path = "workout-tracker.entitlements"; sourceTree = "<group>"; };
		6BD7F320241DDE8400500D86 /* HealthKit.framework */ = {isa = PBXFileReference; lastKnownFileType = wrapper.framework; name = HealthKit.framework; path = System/Library/Frameworks/HealthKit.framework; sourceTree = SDKROOT; };
		6BD7F32224207DBA00500D86 /* PersistentContainer.swift */ = {isa = PBXFileReference; lastKnownFileType = sourcecode.swift; path = PersistentContainer.swift; sourceTree = "<group>"; };
		6BE067DF2419FF4100003947 /* WorkoutLog.swift */ = {isa = PBXFileReference; lastKnownFileType = sourcecode.swift; path = WorkoutLog.swift; sourceTree = "<group>"; };
/* End PBXFileReference section */

/* Begin PBXFrameworksBuildPhase section */
		6BB4F7A424121440002862AA /* Frameworks */ = {
			isa = PBXFrameworksBuildPhase;
			buildActionMask = 2147483647;
			files = (
				6BD7F321241DDE8400500D86 /* HealthKit.framework in Frameworks */,
			);
			runOnlyForDeploymentPostprocessing = 0;
		};
/* End PBXFrameworksBuildPhase section */

/* Begin PBXGroup section */
		6BB4F79E2412143F002862AA = {
			isa = PBXGroup;
			children = (
				6BB4F7A924121440002862AA /* workout-tracker */,
				6BB4F7A824121440002862AA /* Products */,
				6BD7F31F241DDE8400500D86 /* Frameworks */,
			);
			sourceTree = "<group>";
		};
		6BB4F7A824121440002862AA /* Products */ = {
			isa = PBXGroup;
			children = (
				6BB4F7A724121440002862AA /* workout-tracker.app */,
			);
			name = Products;
			sourceTree = "<group>";
		};
		6BB4F7A924121440002862AA /* workout-tracker */ = {
			isa = PBXGroup;
			children = (
				6BD7F31E241DDE8400500D86 /* workout-tracker.entitlements */,
				6BB4F7D42413837F002862AA /* Services */,
				6BB4F7C32412229C002862AA /* Model */,
				6BB4F7C224122294002862AA /* View */,
				6BB4F7C12412228C002862AA /* Controller */,
				6BB4F7AA24121440002862AA /* AppDelegate.swift */,
				6BB4F7AC24121440002862AA /* SceneDelegate.swift */,
				6BB4F7B024121440002862AA /* Main.storyboard */,
				6BB4F7B624121441002862AA /* Assets.xcassets */,
				6BB4F7B824121441002862AA /* LaunchScreen.storyboard */,
				6BB4F7BB24121441002862AA /* Info.plist */,
				6BB4F7B324121440002862AA /* workout_tracker.xcdatamodeld */,
			);
			path = "workout-tracker";
			sourceTree = "<group>";
		};
		6BB4F7C12412228C002862AA /* Controller */ = {
			isa = PBXGroup;
			children = (
				6BB4F7AE24121440002862AA /* MainViewController.swift */,
				6BB4F7C624136DC4002862AA /* RoutineViewController.swift */,
				6BB4F7C824136DD4002862AA /* ProfileViewController.swift */,
				6BB4F7CA24136DEA002862AA /* ProfileCreatorViewController.swift */,
				6BB4F7CC24136EEB002862AA /* SettingsViewController.swift */,
				6BB4F7CE24137E39002862AA /* DailyRoutineViewController.swift */,
				6B16A14E241B2BCC008986E8 /* RoutineEditorViewController.swift */,
			);
			path = Controller;
			sourceTree = "<group>";
		};
		6BB4F7C224122294002862AA /* View */ = {
			isa = PBXGroup;
			children = (
				6BB4F7C424122336002862AA /* RingNavigationItem.swift */,
				6BB4F7D224138064002862AA /* ExcerciseCell.swift */,
				6B2009BE241745D40026CBC9 /* BorderButton.swift */,
				6B16A150241B4AA0008986E8 /* EditableExerciseCell.swift */,
				6B16A152241B4AE1008986E8 /* DayEditorCollectionCell.swift */,
			);
			path = View;
			sourceTree = "<group>";
		};
		6BB4F7C32412229C002862AA /* Model */ = {
			isa = PBXGroup;
			children = (
				6BB4F7D72414305F002862AA /* Exercise.swift */,
				6BB4F7D924146290002862AA /* Equipment.swift */,
				6BB4F7DB24146700002862AA /* Routine.swift */,
				6BB4F7DD241487DE002862AA /* User.swift */,
				6BB4F7DF2414B86E002862AA /* Workout.swift */,
				6BE067DF2419FF4100003947 /* WorkoutLog.swift */,
				6BD7F32224207DBA00500D86 /* PersistentContainer.swift */,
			);
			path = Model;
			sourceTree = "<group>";
		};
		6BB4F7D42413837F002862AA /* Services */ = {
			isa = PBXGroup;
			children = (
				6BB4F7D524138394002862AA /* DataService.swift */,
			);
			path = Services;
			sourceTree = "<group>";
		};
		6BD7F31F241DDE8400500D86 /* Frameworks */ = {
			isa = PBXGroup;
			children = (
				6BD7F320241DDE8400500D86 /* HealthKit.framework */,
			);
			name = Frameworks;
			sourceTree = "<group>";
		};
/* End PBXGroup section */

/* Begin PBXNativeTarget section */
		6BB4F7A624121440002862AA /* workout-tracker */ = {
			isa = PBXNativeTarget;
			buildConfigurationList = 6BB4F7BE24121441002862AA /* Build configuration list for PBXNativeTarget "workout-tracker" */;
			buildPhases = (
				6BB4F7A324121440002862AA /* Sources */,
				6BB4F7A424121440002862AA /* Frameworks */,
				6BB4F7A524121440002862AA /* Resources */,
			);
			buildRules = (
			);
			dependencies = (
			);
			name = "workout-tracker";
			productName = "workout-tracker";
			productReference = 6BB4F7A724121440002862AA /* workout-tracker.app */;
			productType = "com.apple.product-type.application";
		};
/* End PBXNativeTarget section */

/* Begin PBXProject section */
		6BB4F79F24121440002862AA /* Project object */ = {
			isa = PBXProject;
			attributes = {
				LastSwiftUpdateCheck = 1130;
				LastUpgradeCheck = 1130;
				ORGANIZATIONNAME = "Fragoso, Hector";
				TargetAttributes = {
					6BB4F7A624121440002862AA = {
						CreatedOnToolsVersion = 11.3;
					};
				};
			};
			buildConfigurationList = 6BB4F7A224121440002862AA /* Build configuration list for PBXProject "workout-tracker" */;
			compatibilityVersion = "Xcode 9.3";
			developmentRegion = en;
			hasScannedForEncodings = 0;
			knownRegions = (
				en,
				Base,
			);
			mainGroup = 6BB4F79E2412143F002862AA;
			productRefGroup = 6BB4F7A824121440002862AA /* Products */;
			projectDirPath = "";
			projectRoot = "";
			targets = (
				6BB4F7A624121440002862AA /* workout-tracker */,
			);
		};
/* End PBXProject section */

/* Begin PBXResourcesBuildPhase section */
		6BB4F7A524121440002862AA /* Resources */ = {
			isa = PBXResourcesBuildPhase;
			buildActionMask = 2147483647;
			files = (
				6BB4F7BA24121441002862AA /* LaunchScreen.storyboard in Resources */,
				6BB4F7B724121441002862AA /* Assets.xcassets in Resources */,
				6BB4F7B224121440002862AA /* Main.storyboard in Resources */,
			);
			runOnlyForDeploymentPostprocessing = 0;
		};
/* End PBXResourcesBuildPhase section */

/* Begin PBXSourcesBuildPhase section */
		6BB4F7A324121440002862AA /* Sources */ = {
			isa = PBXSourcesBuildPhase;
			buildActionMask = 2147483647;
			files = (
				6BB4F7AF24121440002862AA /* MainViewController.swift in Sources */,
				6BB4F7CB24136DEA002862AA /* ProfileCreatorViewController.swift in Sources */,
				6BB4F7C724136DC4002862AA /* RoutineViewController.swift in Sources */,
				6B16A153241B4AE1008986E8 /* DayEditorCollectionCell.swift in Sources */,
				6BB4F7D624138394002862AA /* DataService.swift in Sources */,
				6BB4F7DE241487DE002862AA /* User.swift in Sources */,
				6BB4F7D324138064002862AA /* ExcerciseCell.swift in Sources */,
				6BB4F7DC24146700002862AA /* Routine.swift in Sources */,
				6BB4F7AB24121440002862AA /* AppDelegate.swift in Sources */,
				6B16A14F241B2BCC008986E8 /* RoutineEditorViewController.swift in Sources */,
				6B16A151241B4AA0008986E8 /* EditableExerciseCell.swift in Sources */,
				6BD7F32324207DBA00500D86 /* PersistentContainer.swift in Sources */,
				6BB4F7CF24137E39002862AA /* DailyRoutineViewController.swift in Sources */,
				6BB4F7C524122336002862AA /* RingNavigationItem.swift in Sources */,
				6BB4F7C924136DD4002862AA /* ProfileViewController.swift in Sources */,
				6B2009BF241745D40026CBC9 /* BorderButton.swift in Sources */,
				6BB4F7D82414305F002862AA /* Exercise.swift in Sources */,
				6BB4F7B524121440002862AA /* workout_tracker.xcdatamodeld in Sources */,
				6BB4F7AD24121440002862AA /* SceneDelegate.swift in Sources */,
				6BB4F7DA24146290002862AA /* Equipment.swift in Sources */,
				6BE067E02419FF4100003947 /* WorkoutLog.swift in Sources */,
				6BB4F7E02414B86E002862AA /* Workout.swift in Sources */,
				6BB4F7CD24136EEB002862AA /* SettingsViewController.swift in Sources */,
			);
			runOnlyForDeploymentPostprocessing = 0;
		};
/* End PBXSourcesBuildPhase section */

/* Begin PBXVariantGroup section */
		6BB4F7B024121440002862AA /* Main.storyboard */ = {
			isa = PBXVariantGroup;
			children = (
				6BB4F7B124121440002862AA /* Base */,
			);
			name = Main.storyboard;
			sourceTree = "<group>";
		};
		6BB4F7B824121441002862AA /* LaunchScreen.storyboard */ = {
			isa = PBXVariantGroup;
			children = (
				6BB4F7B924121441002862AA /* Base */,
			);
			name = LaunchScreen.storyboard;
			sourceTree = "<group>";
		};
/* End PBXVariantGroup section */

/* Begin XCBuildConfiguration section */
		6BB4F7BC24121441002862AA /* Debug */ = {
			isa = XCBuildConfiguration;
			buildSettings = {
				ALWAYS_SEARCH_USER_PATHS = NO;
				CLANG_ANALYZER_NONNULL = YES;
				CLANG_ANALYZER_NUMBER_OBJECT_CONVERSION = YES_AGGRESSIVE;
				CLANG_CXX_LANGUAGE_STANDARD = "gnu++14";
				CLANG_CXX_LIBRARY = "libc++";
				CLANG_ENABLE_MODULES = YES;
				CLANG_ENABLE_OBJC_ARC = YES;
				CLANG_ENABLE_OBJC_WEAK = YES;
				CLANG_WARN_BLOCK_CAPTURE_AUTORELEASING = YES;
				CLANG_WARN_BOOL_CONVERSION = YES;
				CLANG_WARN_COMMA = YES;
				CLANG_WARN_CONSTANT_CONVERSION = YES;
				CLANG_WARN_DEPRECATED_OBJC_IMPLEMENTATIONS = YES;
				CLANG_WARN_DIRECT_OBJC_ISA_USAGE = YES_ERROR;
				CLANG_WARN_DOCUMENTATION_COMMENTS = YES;
				CLANG_WARN_EMPTY_BODY = YES;
				CLANG_WARN_ENUM_CONVERSION = YES;
				CLANG_WARN_INFINITE_RECURSION = YES;
				CLANG_WARN_INT_CONVERSION = YES;
				CLANG_WARN_NON_LITERAL_NULL_CONVERSION = YES;
				CLANG_WARN_OBJC_IMPLICIT_RETAIN_SELF = YES;
				CLANG_WARN_OBJC_LITERAL_CONVERSION = YES;
				CLANG_WARN_OBJC_ROOT_CLASS = YES_ERROR;
				CLANG_WARN_RANGE_LOOP_ANALYSIS = YES;
				CLANG_WARN_STRICT_PROTOTYPES = YES;
				CLANG_WARN_SUSPICIOUS_MOVE = YES;
				CLANG_WARN_UNGUARDED_AVAILABILITY = YES_AGGRESSIVE;
				CLANG_WARN_UNREACHABLE_CODE = YES;
				CLANG_WARN__DUPLICATE_METHOD_MATCH = YES;
				COPY_PHASE_STRIP = NO;
				DEBUG_INFORMATION_FORMAT = dwarf;
				ENABLE_STRICT_OBJC_MSGSEND = YES;
				ENABLE_TESTABILITY = YES;
				GCC_C_LANGUAGE_STANDARD = gnu11;
				GCC_DYNAMIC_NO_PIC = NO;
				GCC_NO_COMMON_BLOCKS = YES;
				GCC_OPTIMIZATION_LEVEL = 0;
				GCC_PREPROCESSOR_DEFINITIONS = (
					"DEBUG=1",
					"$(inherited)",
				);
				GCC_WARN_64_TO_32_BIT_CONVERSION = YES;
				GCC_WARN_ABOUT_RETURN_TYPE = YES_ERROR;
				GCC_WARN_UNDECLARED_SELECTOR = YES;
				GCC_WARN_UNINITIALIZED_AUTOS = YES_AGGRESSIVE;
				GCC_WARN_UNUSED_FUNCTION = YES;
				GCC_WARN_UNUSED_VARIABLE = YES;
				IPHONEOS_DEPLOYMENT_TARGET = 13.2;
				MTL_ENABLE_DEBUG_INFO = INCLUDE_SOURCE;
				MTL_FAST_MATH = YES;
				ONLY_ACTIVE_ARCH = YES;
				SDKROOT = iphoneos;
				SWIFT_ACTIVE_COMPILATION_CONDITIONS = DEBUG;
				SWIFT_OPTIMIZATION_LEVEL = "-Onone";
			};
			name = Debug;
		};
		6BB4F7BD24121441002862AA /* Release */ = {
			isa = XCBuildConfiguration;
			buildSettings = {
				ALWAYS_SEARCH_USER_PATHS = NO;
				CLANG_ANALYZER_NONNULL = YES;
				CLANG_ANALYZER_NUMBER_OBJECT_CONVERSION = YES_AGGRESSIVE;
				CLANG_CXX_LANGUAGE_STANDARD = "gnu++14";
				CLANG_CXX_LIBRARY = "libc++";
				CLANG_ENABLE_MODULES = YES;
				CLANG_ENABLE_OBJC_ARC = YES;
				CLANG_ENABLE_OBJC_WEAK = YES;
				CLANG_WARN_BLOCK_CAPTURE_AUTORELEASING = YES;
				CLANG_WARN_BOOL_CONVERSION = YES;
				CLANG_WARN_COMMA = YES;
				CLANG_WARN_CONSTANT_CONVERSION = YES;
				CLANG_WARN_DEPRECATED_OBJC_IMPLEMENTATIONS = YES;
				CLANG_WARN_DIRECT_OBJC_ISA_USAGE = YES_ERROR;
				CLANG_WARN_DOCUMENTATION_COMMENTS = YES;
				CLANG_WARN_EMPTY_BODY = YES;
				CLANG_WARN_ENUM_CONVERSION = YES;
				CLANG_WARN_INFINITE_RECURSION = YES;
				CLANG_WARN_INT_CONVERSION = YES;
				CLANG_WARN_NON_LITERAL_NULL_CONVERSION = YES;
				CLANG_WARN_OBJC_IMPLICIT_RETAIN_SELF = YES;
				CLANG_WARN_OBJC_LITERAL_CONVERSION = YES;
				CLANG_WARN_OBJC_ROOT_CLASS = YES_ERROR;
				CLANG_WARN_RANGE_LOOP_ANALYSIS = YES;
				CLANG_WARN_STRICT_PROTOTYPES = YES;
				CLANG_WARN_SUSPICIOUS_MOVE = YES;
				CLANG_WARN_UNGUARDED_AVAILABILITY = YES_AGGRESSIVE;
				CLANG_WARN_UNREACHABLE_CODE = YES;
				CLANG_WARN__DUPLICATE_METHOD_MATCH = YES;
				COPY_PHASE_STRIP = NO;
				DEBUG_INFORMATION_FORMAT = "dwarf-with-dsym";
				ENABLE_NS_ASSERTIONS = NO;
				ENABLE_STRICT_OBJC_MSGSEND = YES;
				GCC_C_LANGUAGE_STANDARD = gnu11;
				GCC_NO_COMMON_BLOCKS = YES;
				GCC_WARN_64_TO_32_BIT_CONVERSION = YES;
				GCC_WARN_ABOUT_RETURN_TYPE = YES_ERROR;
				GCC_WARN_UNDECLARED_SELECTOR = YES;
				GCC_WARN_UNINITIALIZED_AUTOS = YES_AGGRESSIVE;
				GCC_WARN_UNUSED_FUNCTION = YES;
				GCC_WARN_UNUSED_VARIABLE = YES;
				IPHONEOS_DEPLOYMENT_TARGET = 13.2;
				MTL_ENABLE_DEBUG_INFO = NO;
				MTL_FAST_MATH = YES;
				SDKROOT = iphoneos;
				SWIFT_COMPILATION_MODE = wholemodule;
				SWIFT_OPTIMIZATION_LEVEL = "-O";
				VALIDATE_PRODUCT = YES;
			};
			name = Release;
		};
		6BB4F7BF24121441002862AA /* Debug */ = {
			isa = XCBuildConfiguration;
			buildSettings = {
				ASSETCATALOG_COMPILER_APPICON_NAME = AppIcon;
				CODE_SIGN_ENTITLEMENTS = "workout-tracker/workout-tracker.entitlements";
				CODE_SIGN_STYLE = Automatic;
				DEVELOPMENT_TEAM = JA2XANY49H;
				INFOPLIST_FILE = "workout-tracker/Info.plist";
				LD_RUNPATH_SEARCH_PATHS = (
					"$(inherited)",
					"@executable_path/Frameworks",
				);
				PRODUCT_BUNDLE_IDENTIFIER = "com.mambaosft.lectures.workout-tracker";
				PRODUCT_NAME = "$(TARGET_NAME)";
				SWIFT_VERSION = 5.0;
				TARGETED_DEVICE_FAMILY = "1,2";
			};
			name = Debug;
		};
		6BB4F7C024121441002862AA /* Release */ = {
			isa = XCBuildConfiguration;
			buildSettings = {
				ASSETCATALOG_COMPILER_APPICON_NAME = AppIcon;
				CODE_SIGN_ENTITLEMENTS = "workout-tracker/workout-tracker.entitlements";
				CODE_SIGN_STYLE = Automatic;
				DEVELOPMENT_TEAM = JA2XANY49H;
				INFOPLIST_FILE = "workout-tracker/Info.plist";
				LD_RUNPATH_SEARCH_PATHS = (
					"$(inherited)",
					"@executable_path/Frameworks",
				);
				PRODUCT_BUNDLE_IDENTIFIER = "com.mambaosft.lectures.workout-tracker";
				PRODUCT_NAME = "$(TARGET_NAME)";
				SWIFT_VERSION = 5.0;
				TARGETED_DEVICE_FAMILY = "1,2";
			};
			name = Release;
		};
/* End XCBuildConfiguration section */

/* Begin XCConfigurationList section */
		6BB4F7A224121440002862AA /* Build configuration list for PBXProject "workout-tracker" */ = {
			isa = XCConfigurationList;
			buildConfigurations = (
				6BB4F7BC24121441002862AA /* Debug */,
				6BB4F7BD24121441002862AA /* Release */,
			);
			defaultConfigurationIsVisible = 0;
			defaultConfigurationName = Release;
		};
		6BB4F7BE24121441002862AA /* Build configuration list for PBXNativeTarget "workout-tracker" */ = {
			isa = XCConfigurationList;
			buildConfigurations = (
				6BB4F7BF24121441002862AA /* Debug */,
				6BB4F7C024121441002862AA /* Release */,
			);
			defaultConfigurationIsVisible = 0;
			defaultConfigurationName = Release;
		};
/* End XCConfigurationList section */

/* Begin XCVersionGroup section */
		6BB4F7B324121440002862AA /* workout_tracker.xcdatamodeld */ = {
			isa = XCVersionGroup;
			children = (
				6BB4F7B424121440002862AA /* workout_tracker.xcdatamodel */,
			);
			currentVersion = 6BB4F7B424121440002862AA /* workout_tracker.xcdatamodel */;
			path = workout_tracker.xcdatamodeld;
			sourceTree = "<group>";
			versionGroupType = wrapper.xcdatamodel;
		};
/* End XCVersionGroup section */
	};
	rootObject = 6BB4F79F24121440002862AA /* Project object */;
}
